
Microsoft Visual Studio Solution File, Format Version 12.00
# Visual Studio Version 17
VisualStudioVersion = 17.5.002.0
MinimumVisualStudioVersion = 10.0.40219.1
Project("{9A19103F-16F7-4668-BE54-9A1E7A4F7556}") = "SimpleCalculator1", "SimpleCalculator1.csproj", "{DC1006E0-CD4B-40CD-9172-A675317FF4A9}"
EndProject
Global
	GlobalSection(SolutionConfigurationPlatforms) = preSolution
		Debug|Any CPU = Debug|Any CPU
		Release|Any CPU = Release|Any CPU
	EndGlobalSection
	GlobalSection(ProjectConfigurationPlatforms) = postSolution
		{DC1006E0-CD4B-40CD-9172-A675317FF4A9}.Debug|Any CPU.ActiveCfg = Debug|Any CPU
		{DC1006E0-CD4B-40CD-9172-A675317FF4A9}.Debug|Any CPU.Build.0 = Debug|Any CPU
		{DC1006E0-CD4B-40CD-9172-A675317FF4A9}.Release|Any CPU.ActiveCfg = Release|Any CPU
		{DC1006E0-CD4B-40CD-9172-A675317FF4A9}.Release|Any CPU.Build.0 = Release|Any CPU
	EndGlobalSection
	GlobalSection(SolutionProperties) = preSolution
		HideSolutionNode = FALSE
	EndGlobalSection
	GlobalSection(ExtensibilityGlobals) = postSolution
		SolutionGuid = {F327E710-D776-40BA-9D63-1D87310713E9}
	EndGlobalSection
EndGlobal
